
Microsoft Visual Studio Solution File, Format Version 12.00
# Visual Studio 15
VisualStudioVersion = 15.0.28010.2050
MinimumVisualStudioVersion = 10.0.40219.1
Project("{FAE04EC0-301F-11D3-BF4B-00C04F79EFBC}") = "api-integrador", "api-integrador\api-integrador.csproj", "{46D419F3-4D55-47B8-91BB-5A3070609125}"
EndProject
Project("{FAE04EC0-301F-11D3-BF4B-00C04F79EFBC}") = "api-integrador.modelos", "api-integrador.modelos\api-integrador.modelos.csproj", "{42569C25-51C8-4B58-9DFC-0F403D53FE4C}"
EndProject
Project("{FAE04EC0-301F-11D3-BF4B-00C04F79EFBC}") = "api-integrador.datos", "api-integrador.datos\api-integrador.datos.csproj", "{4CC50F4E-21BF-4509-8EF6-1431DB69D1F2}"
EndProject
Project("{FAE04EC0-301F-11D3-BF4B-00C04F79EFBC}") = "api-integrador.negocios", "api-integrador.negocios\api-integrador.negocios.csproj", "{D6268195-AD0A-437F-B163-F87C5EDFEE66}"
EndProject
Global
	GlobalSection(SolutionConfigurationPlatforms) = preSolution
		Debug|Any CPU = Debug|Any CPU
		Release|Any CPU = Release|Any CPU
	EndGlobalSection
	GlobalSection(ProjectConfigurationPlatforms) = postSolution
		{46D419F3-4D55-47B8-91BB-5A3070609125}.Debug|Any CPU.ActiveCfg = Debug|Any CPU
		{46D419F3-4D55-47B8-91BB-5A3070609125}.Debug|Any CPU.Build.0 = Debug|Any CPU
		{46D419F3-4D55-47B8-91BB-5A3070609125}.Release|Any CPU.ActiveCfg = Release|Any CPU
		{46D419F3-4D55-47B8-91BB-5A3070609125}.Release|Any CPU.Build.0 = Release|Any CPU
		{42569C25-51C8-4B58-9DFC-0F403D53FE4C}.Debug|Any CPU.ActiveCfg = Debug|Any CPU
		{42569C25-51C8-4B58-9DFC-0F403D53FE4C}.Debug|Any CPU.Build.0 = Debug|Any CPU
		{42569C25-51C8-4B58-9DFC-0F403D53FE4C}.Release|Any CPU.ActiveCfg = Release|Any CPU
		{42569C25-51C8-4B58-9DFC-0F403D53FE4C}.Release|Any CPU.Build.0 = Release|Any CPU
		{4CC50F4E-21BF-4509-8EF6-1431DB69D1F2}.Debug|Any CPU.ActiveCfg = Debug|Any CPU
		{4CC50F4E-21BF-4509-8EF6-1431DB69D1F2}.Debug|Any CPU.Build.0 = Debug|Any CPU
		{4CC50F4E-21BF-4509-8EF6-1431DB69D1F2}.Release|Any CPU.ActiveCfg = Release|Any CPU
		{4CC50F4E-21BF-4509-8EF6-1431DB69D1F2}.Release|Any CPU.Build.0 = Release|Any CPU
		{D6268195-AD0A-437F-B163-F87C5EDFEE66}.Debug|Any CPU.ActiveCfg = Debug|Any CPU
		{D6268195-AD0A-437F-B163-F87C5EDFEE66}.Debug|Any CPU.Build.0 = Debug|Any CPU
		{D6268195-AD0A-437F-B163-F87C5EDFEE66}.Release|Any CPU.ActiveCfg = Release|Any CPU
		{D6268195-AD0A-437F-B163-F87C5EDFEE66}.Release|Any CPU.Build.0 = Release|Any CPU
	EndGlobalSection
	GlobalSection(SolutionProperties) = preSolution
		HideSolutionNode = FALSE
	EndGlobalSection
	GlobalSection(ExtensibilityGlobals) = postSolution
		SolutionGuid = {B0833C97-BBFB-4284-A79E-F0D4CAC76D61}
	EndGlobalSection
EndGlobal
